// !$*UTF8*$!
{
	archiveVersion = 1;
	classes = {
	};
	objectVersion = 51;
	objects = {

/* Begin PBXBuildFile section */
		4A106D44224FE5D100CAE13E /* Fact.swift in Sources */ = {isa = PBXBuildFile; fileRef = 4A106D43224FE5D100CAE13E /* Fact.swift */; };
		4A106D48224FE9BE00CAE13E /* NetworkHelper.swift in Sources */ = {isa = PBXBuildFile; fileRef = 4A106D47224FE9BE00CAE13E /* NetworkHelper.swift */; };
		4A106D4E2250128000CAE13E /* History.swift in Sources */ = {isa = PBXBuildFile; fileRef = 4A106D4D2250128000CAE13E /* History.swift */; };
		4A106D502250134F00CAE13E /* DatabaseHelper.swift in Sources */ = {isa = PBXBuildFile; fileRef = 4A106D4F2250134F00CAE13E /* DatabaseHelper.swift */; };
		4A697828224AF0FA00B7F780 /* AppDelegate.swift in Sources */ = {isa = PBXBuildFile; fileRef = 4A697827224AF0FA00B7F780 /* AppDelegate.swift */; };
		4A69782A224AF0FA00B7F780 /* HomeViewController.swift in Sources */ = {isa = PBXBuildFile; fileRef = 4A697829224AF0FA00B7F780 /* HomeViewController.swift */; };
		4A69782D224AF0FA00B7F780 /* Main.storyboard in Resources */ = {isa = PBXBuildFile; fileRef = 4A69782B224AF0FA00B7F780 /* Main.storyboard */; };
		4A69782F224AF10800B7F780 /* Assets.xcassets in Resources */ = {isa = PBXBuildFile; fileRef = 4A69782E224AF10800B7F780 /* Assets.xcassets */; };
		4A697832224AF10800B7F780 /* LaunchScreen.storyboard in Resources */ = {isa = PBXBuildFile; fileRef = 4A697830224AF10800B7F780 /* LaunchScreen.storyboard */; };
		4AAE0078224EFA01003FC105 /* FactsTableViewCell.swift in Sources */ = {isa = PBXBuildFile; fileRef = 4AAE0077224EFA01003FC105 /* FactsTableViewCell.swift */; };
		4AAE007E224F0538003FC105 /* EdgeInsetLabel.swift in Sources */ = {isa = PBXBuildFile; fileRef = 4AAE007D224F0538003FC105 /* EdgeInsetLabel.swift */; };
		4AAE0080224F09EB003FC105 /* SearchViewController.swift in Sources */ = {isa = PBXBuildFile; fileRef = 4AAE007F224F09EB003FC105 /* SearchViewController.swift */; };
		4AAE0082224F0A66003FC105 /* UIViewController+Additions.swift in Sources */ = {isa = PBXBuildFile; fileRef = 4AAE0081224F0A66003FC105 /* UIViewController+Additions.swift */; };
		4AAE0084224F0DA2003FC105 /* SuggestionsCollectionViewCell.swift in Sources */ = {isa = PBXBuildFile; fileRef = 4AAE0083224F0DA2003FC105 /* SuggestionsCollectionViewCell.swift */; };
		4EA1F82D23861B3700300FAC /* FactViewModel.swift in Sources */ = {isa = PBXBuildFile; fileRef = 4EA1F82C23861B3700300FAC /* FactViewModel.swift */; };
		4EA1F82F238634FE00300FAC /* CategoryViewModel.swift in Sources */ = {isa = PBXBuildFile; fileRef = 4EA1F82E238634FE00300FAC /* CategoryViewModel.swift */; };
		4EA1F8312386398600300FAC /* HistoryViewModel.swift in Sources */ = {isa = PBXBuildFile; fileRef = 4EA1F8302386398600300FAC /* HistoryViewModel.swift */; };
		4EFB82A7238774AB00B7AB90 /* NetworkHelperUnitTests.swift in Sources */ = {isa = PBXBuildFile; fileRef = 4EFB82A6238774AB00B7AB90 /* NetworkHelperUnitTests.swift */; };
		4EFB82B323877DAE00B7AB90 /* Fact.swift in Sources */ = {isa = PBXBuildFile; fileRef = 4A106D43224FE5D100CAE13E /* Fact.swift */; };
		4EFB82B623877DAE00B7AB90 /* NetworkHelper.swift in Sources */ = {isa = PBXBuildFile; fileRef = 4A106D47224FE9BE00CAE13E /* NetworkHelper.swift */; };
		4EFB82B923877F8900B7AB90 /* Category.swift in Sources */ = {isa = PBXBuildFile; fileRef = 4A106D4B224FFE1C00CAE13E /* Category.swift */; };
		935F8BCD50B22D8599768391 /* Pods_Chuck_Norris_FactsTests.framework in Frameworks */ = {isa = PBXBuildFile; fileRef = 5545E7BCC84919D4E5FCBC4B /* Pods_Chuck_Norris_FactsTests.framework */; };
		CAD1D9402023CF59B53690E1 /* Pods_Chuck_Norris_Facts.framework in Frameworks */ = {isa = PBXBuildFile; fileRef = D85362BF3E295FDADE3A3293 /* Pods_Chuck_Norris_Facts.framework */; };
		F51E67A196EE9853B2853456 /* Pods_Chuck_Norris_Facts.framework in Frameworks */ = {isa = PBXBuildFile; fileRef = 4EFB82B123877D6700B7AB90 /* Pods_Chuck_Norris_Facts.framework */; };
/* End PBXBuildFile section */

/* Begin PBXContainerItemProxy section */
		4A697839224AF10800B7F780 /* PBXContainerItemProxy */ = {
			isa = PBXContainerItemProxy;
			containerPortal = 4A69781C224AF0FA00B7F780 /* Project object */;
			proxyType = 1;
			remoteGlobalIDString = 4A697823224AF0FA00B7F780;
			remoteInfo = "Chuck Norris Facts";
		};
/* End PBXContainerItemProxy section */

/* Begin PBXFileReference section */
		39FB8CC362A55463880A7191 /* Pods-Chuck Norris Facts.debug.xcconfig */ = {isa = PBXFileReference; includeInIndex = 1; lastKnownFileType = text.xcconfig; name = "Pods-Chuck Norris Facts.debug.xcconfig"; path = "Pods/Target Support Files/Pods-Chuck Norris Facts/Pods-Chuck Norris Facts.debug.xcconfig"; sourceTree = "<group>"; };
		4A106D43224FE5D100CAE13E /* Fact.swift */ = {isa = PBXFileReference; lastKnownFileType = sourcecode.swift; path = Fact.swift; sourceTree = "<group>"; };
		4A106D47224FE9BE00CAE13E /* NetworkHelper.swift */ = {isa = PBXFileReference; lastKnownFileType = sourcecode.swift; path = NetworkHelper.swift; sourceTree = "<group>"; };
		4A106D4B224FFE1C00CAE13E /* Category.swift */ = {isa = PBXFileReference; lastKnownFileType = sourcecode.swift; path = Category.swift; sourceTree = "<group>"; };
		4A106D4D2250128000CAE13E /* History.swift */ = {isa = PBXFileReference; lastKnownFileType = sourcecode.swift; path = History.swift; sourceTree = "<group>"; };
		4A106D4F2250134F00CAE13E /* DatabaseHelper.swift */ = {isa = PBXFileReference; lastKnownFileType = sourcecode.swift; path = DatabaseHelper.swift; sourceTree = "<group>"; };
		4A697824224AF0FA00B7F780 /* Chuck Norris Facts.app */ = {isa = PBXFileReference; explicitFileType = wrapper.application; includeInIndex = 0; path = "Chuck Norris Facts.app"; sourceTree = BUILT_PRODUCTS_DIR; };
		4A697827224AF0FA00B7F780 /* AppDelegate.swift */ = {isa = PBXFileReference; lastKnownFileType = sourcecode.swift; path = AppDelegate.swift; sourceTree = "<group>"; };
		4A697829224AF0FA00B7F780 /* HomeViewController.swift */ = {isa = PBXFileReference; lastKnownFileType = sourcecode.swift; path = HomeViewController.swift; sourceTree = "<group>"; };
		4A69782C224AF0FA00B7F780 /* Base */ = {isa = PBXFileReference; lastKnownFileType = file.storyboard; name = Base; path = Base.lproj/Main.storyboard; sourceTree = "<group>"; };
		4A69782E224AF10800B7F780 /* Assets.xcassets */ = {isa = PBXFileReference; lastKnownFileType = folder.assetcatalog; path = Assets.xcassets; sourceTree = "<group>"; };
		4A697831224AF10800B7F780 /* Base */ = {isa = PBXFileReference; lastKnownFileType = file.storyboard; name = Base; path = Base.lproj/LaunchScreen.storyboard; sourceTree = "<group>"; };
		4A697833224AF10800B7F780 /* Info.plist */ = {isa = PBXFileReference; lastKnownFileType = text.plist.xml; path = Info.plist; sourceTree = "<group>"; };
		4A697838224AF10800B7F780 /* Chuck Norris FactsTests.xctest */ = {isa = PBXFileReference; explicitFileType = wrapper.cfbundle; includeInIndex = 0; path = "Chuck Norris FactsTests.xctest"; sourceTree = BUILT_PRODUCTS_DIR; };
		4A69783E224AF10800B7F780 /* Info.plist */ = {isa = PBXFileReference; lastKnownFileType = text.plist.xml; path = Info.plist; sourceTree = "<group>"; };
		4AAE0077224EFA01003FC105 /* FactsTableViewCell.swift */ = {isa = PBXFileReference; lastKnownFileType = sourcecode.swift; path = FactsTableViewCell.swift; sourceTree = "<group>"; };
		4AAE007D224F0538003FC105 /* EdgeInsetLabel.swift */ = {isa = PBXFileReference; lastKnownFileType = sourcecode.swift; path = EdgeInsetLabel.swift; sourceTree = "<group>"; };
		4AAE007F224F09EB003FC105 /* SearchViewController.swift */ = {isa = PBXFileReference; lastKnownFileType = sourcecode.swift; path = SearchViewController.swift; sourceTree = "<group>"; };
		4AAE0081224F0A66003FC105 /* UIViewController+Additions.swift */ = {isa = PBXFileReference; lastKnownFileType = sourcecode.swift; path = "UIViewController+Additions.swift"; sourceTree = "<group>"; };
		4AAE0083224F0DA2003FC105 /* SuggestionsCollectionViewCell.swift */ = {isa = PBXFileReference; lastKnownFileType = sourcecode.swift; path = SuggestionsCollectionViewCell.swift; sourceTree = "<group>"; };
		4AD0C7D34018F05871064080 /* Pods-Chuck Norris Facts.release.xcconfig */ = {isa = PBXFileReference; includeInIndex = 1; lastKnownFileType = text.xcconfig; name = "Pods-Chuck Norris Facts.release.xcconfig"; path = "Pods/Target Support Files/Pods-Chuck Norris Facts/Pods-Chuck Norris Facts.release.xcconfig"; sourceTree = "<group>"; };
		4EA1F82C23861B3700300FAC /* FactViewModel.swift */ = {isa = PBXFileReference; lastKnownFileType = sourcecode.swift; path = FactViewModel.swift; sourceTree = "<group>"; };
		4EA1F82E238634FE00300FAC /* CategoryViewModel.swift */ = {isa = PBXFileReference; lastKnownFileType = sourcecode.swift; path = CategoryViewModel.swift; sourceTree = "<group>"; };
		4EA1F8302386398600300FAC /* HistoryViewModel.swift */ = {isa = PBXFileReference; lastKnownFileType = sourcecode.swift; path = HistoryViewModel.swift; sourceTree = "<group>"; };
		4EFB82A6238774AB00B7AB90 /* NetworkHelperUnitTests.swift */ = {isa = PBXFileReference; lastKnownFileType = sourcecode.swift; path = NetworkHelperUnitTests.swift; sourceTree = "<group>"; };
		4EFB82B123877D6700B7AB90 /* Pods_Chuck_Norris_Facts.framework */ = {isa = PBXFileReference; explicitFileType = wrapper.framework; path = Pods_Chuck_Norris_Facts.framework; sourceTree = BUILT_PRODUCTS_DIR; };
		51116F5944E847466E2ACEE5 /* Pods-Chuck Norris FactsUITests.debug.xcconfig */ = {isa = PBXFileReference; includeInIndex = 1; lastKnownFileType = text.xcconfig; name = "Pods-Chuck Norris FactsUITests.debug.xcconfig"; path = "Pods/Target Support Files/Pods-Chuck Norris FactsUITests/Pods-Chuck Norris FactsUITests.debug.xcconfig"; sourceTree = "<group>"; };
		5545E7BCC84919D4E5FCBC4B /* Pods_Chuck_Norris_FactsTests.framework */ = {isa = PBXFileReference; explicitFileType = wrapper.framework; includeInIndex = 0; path = Pods_Chuck_Norris_FactsTests.framework; sourceTree = BUILT_PRODUCTS_DIR; };
		76D967414899741A0FB62B53 /* Pods_Chuck_Norris_FactsUITests.framework */ = {isa = PBXFileReference; explicitFileType = wrapper.framework; includeInIndex = 0; path = Pods_Chuck_Norris_FactsUITests.framework; sourceTree = BUILT_PRODUCTS_DIR; };
		7A22881D128A5E5973333DDE /* Pods-Chuck Norris FactsTests.release.xcconfig */ = {isa = PBXFileReference; includeInIndex = 1; lastKnownFileType = text.xcconfig; name = "Pods-Chuck Norris FactsTests.release.xcconfig"; path = "Pods/Target Support Files/Pods-Chuck Norris FactsTests/Pods-Chuck Norris FactsTests.release.xcconfig"; sourceTree = "<group>"; };
		8798CE521E7A8D0641195A21 /* Pods-Chuck Norris FactsUITests.release.xcconfig */ = {isa = PBXFileReference; includeInIndex = 1; lastKnownFileType = text.xcconfig; name = "Pods-Chuck Norris FactsUITests.release.xcconfig"; path = "Pods/Target Support Files/Pods-Chuck Norris FactsUITests/Pods-Chuck Norris FactsUITests.release.xcconfig"; sourceTree = "<group>"; };
		D2B3C5CFC0433AF4080CE578 /* Pods-Chuck Norris FactsTests.debug.xcconfig */ = {isa = PBXFileReference; includeInIndex = 1; lastKnownFileType = text.xcconfig; name = "Pods-Chuck Norris FactsTests.debug.xcconfig"; path = "Pods/Target Support Files/Pods-Chuck Norris FactsTests/Pods-Chuck Norris FactsTests.debug.xcconfig"; sourceTree = "<group>"; };
		D85362BF3E295FDADE3A3293 /* Pods_Chuck_Norris_Facts.framework */ = {isa = PBXFileReference; explicitFileType = wrapper.framework; includeInIndex = 0; path = Pods_Chuck_Norris_Facts.framework; sourceTree = BUILT_PRODUCTS_DIR; };
/* End PBXFileReference section */

/* Begin PBXFrameworksBuildPhase section */
		4A697821224AF0FA00B7F780 /* Frameworks */ = {
			isa = PBXFrameworksBuildPhase;
			buildActionMask = 2147483647;
			files = (
				CAD1D9402023CF59B53690E1 /* Pods_Chuck_Norris_Facts.framework in Frameworks */,
				F51E67A196EE9853B2853456 /* Pods_Chuck_Norris_Facts.framework in Frameworks */,
			);
			runOnlyForDeploymentPostprocessing = 0;
		};
		4A697835224AF10800B7F780 /* Frameworks */ = {
			isa = PBXFrameworksBuildPhase;
			buildActionMask = 2147483647;
			files = (
				935F8BCD50B22D8599768391 /* Pods_Chuck_Norris_FactsTests.framework in Frameworks */,
			);
			runOnlyForDeploymentPostprocessing = 0;
		};
/* End PBXFrameworksBuildPhase section */

/* Begin PBXGroup section */
		4A106D3D224FD50800CAE13E /* Helpers */ = {
			isa = PBXGroup;
			children = (
				4A106D47224FE9BE00CAE13E /* NetworkHelper.swift */,
				4A106D4F2250134F00CAE13E /* DatabaseHelper.swift */,
			);
			path = Helpers;
			sourceTree = "<group>";
		};
		4A106D42224FE5C400CAE13E /* Models */ = {
			isa = PBXGroup;
			children = (
				4A106D43224FE5D100CAE13E /* Fact.swift */,
				4A106D4B224FFE1C00CAE13E /* Category.swift */,
				4A106D4D2250128000CAE13E /* History.swift */,
			);
			path = Models;
			sourceTree = "<group>";
		};
		4A69781B224AF0FA00B7F780 = {
			isa = PBXGroup;
			children = (
				4A697826224AF0FA00B7F780 /* Chuck Norris Facts */,
				4A69783B224AF10800B7F780 /* Chuck Norris FactsTests */,
				4A697825224AF0FA00B7F780 /* Products */,
				E8D5E2C50CE36B2F33AF8F0C /* Pods */,
				86CFBB2A33CD158F3F6B8817 /* Frameworks */,
			);
			sourceTree = "<group>";
		};
		4A697825224AF0FA00B7F780 /* Products */ = {
			isa = PBXGroup;
			children = (
				4A697824224AF0FA00B7F780 /* Chuck Norris Facts.app */,
				4A697838224AF10800B7F780 /* Chuck Norris FactsTests.xctest */,
			);
			name = Products;
			sourceTree = "<group>";
		};
		4A697826224AF0FA00B7F780 /* Chuck Norris Facts */ = {
			isa = PBXGroup;
			children = (
				4EA1F82B23861B2400300FAC /* ViewModels */,
				4A106D42224FE5C400CAE13E /* Models */,
				4A106D3D224FD50800CAE13E /* Helpers */,
				4AAE007C224F051F003FC105 /* Extensions & Subclassing */,
				4AAE0074224EF9C1003FC105 /* Cells */,
				4AD05943224B014C00F2776A /* Storyboards */,
				4AD05942224B013100F2776A /* ViewControllers */,
				4A697827224AF0FA00B7F780 /* AppDelegate.swift */,
				4A69782E224AF10800B7F780 /* Assets.xcassets */,
				4A697833224AF10800B7F780 /* Info.plist */,
			);
			path = "Chuck Norris Facts";
			sourceTree = "<group>";
		};
		4A69783B224AF10800B7F780 /* Chuck Norris FactsTests */ = {
			isa = PBXGroup;
			children = (
				4A69783E224AF10800B7F780 /* Info.plist */,
				4EFB82A6238774AB00B7AB90 /* NetworkHelperUnitTests.swift */,
			);
			path = "Chuck Norris FactsTests";
			sourceTree = "<group>";
		};
		4AAE0074224EF9C1003FC105 /* Cells */ = {
			isa = PBXGroup;
			children = (
				4AAE0077224EFA01003FC105 /* FactsTableViewCell.swift */,
				4AAE0083224F0DA2003FC105 /* SuggestionsCollectionViewCell.swift */,
			);
			path = Cells;
			sourceTree = "<group>";
		};
		4AAE007C224F051F003FC105 /* Extensions & Subclassing */ = {
			isa = PBXGroup;
			children = (
				4AAE007D224F0538003FC105 /* EdgeInsetLabel.swift */,
				4AAE0081224F0A66003FC105 /* UIViewController+Additions.swift */,
			);
			path = "Extensions & Subclassing";
			sourceTree = "<group>";
		};
		4AD05942224B013100F2776A /* ViewControllers */ = {
			isa = PBXGroup;
			children = (
				4A697829224AF0FA00B7F780 /* HomeViewController.swift */,
				4AAE007F224F09EB003FC105 /* SearchViewController.swift */,
			);
			path = ViewControllers;
			sourceTree = "<group>";
		};
		4AD05943224B014C00F2776A /* Storyboards */ = {
			isa = PBXGroup;
			children = (
				4A697830224AF10800B7F780 /* LaunchScreen.storyboard */,
				4A69782B224AF0FA00B7F780 /* Main.storyboard */,
			);
			path = Storyboards;
			sourceTree = "<group>";
		};
		4EA1F82B23861B2400300FAC /* ViewModels */ = {
			isa = PBXGroup;
			children = (
				4EA1F82C23861B3700300FAC /* FactViewModel.swift */,
				4EA1F82E238634FE00300FAC /* CategoryViewModel.swift */,
				4EA1F8302386398600300FAC /* HistoryViewModel.swift */,
			);
			path = ViewModels;
			sourceTree = "<group>";
		};
		86CFBB2A33CD158F3F6B8817 /* Frameworks */ = {
			isa = PBXGroup;
			children = (
				4EFB82B123877D6700B7AB90 /* Pods_Chuck_Norris_Facts.framework */,
				D85362BF3E295FDADE3A3293 /* Pods_Chuck_Norris_Facts.framework */,
				5545E7BCC84919D4E5FCBC4B /* Pods_Chuck_Norris_FactsTests.framework */,
				76D967414899741A0FB62B53 /* Pods_Chuck_Norris_FactsUITests.framework */,
			);
			name = Frameworks;
			sourceTree = "<group>";
		};
		E8D5E2C50CE36B2F33AF8F0C /* Pods */ = {
			isa = PBXGroup;
			children = (
				39FB8CC362A55463880A7191 /* Pods-Chuck Norris Facts.debug.xcconfig */,
				4AD0C7D34018F05871064080 /* Pods-Chuck Norris Facts.release.xcconfig */,
				D2B3C5CFC0433AF4080CE578 /* Pods-Chuck Norris FactsTests.debug.xcconfig */,
				7A22881D128A5E5973333DDE /* Pods-Chuck Norris FactsTests.release.xcconfig */,
				51116F5944E847466E2ACEE5 /* Pods-Chuck Norris FactsUITests.debug.xcconfig */,
				8798CE521E7A8D0641195A21 /* Pods-Chuck Norris FactsUITests.release.xcconfig */,
			);
			name = Pods;
			sourceTree = "<group>";
		};
/* End PBXGroup section */

/* Begin PBXNativeTarget section */
		4A697823224AF0FA00B7F780 /* Chuck Norris Facts */ = {
			isa = PBXNativeTarget;
			buildConfigurationList = 4A69784C224AF10800B7F780 /* Build configuration list for PBXNativeTarget "Chuck Norris Facts" */;
			buildPhases = (
				BCC9869505253AC49789D824 /* [CP] Check Pods Manifest.lock */,
				4A697820224AF0FA00B7F780 /* Sources */,
				4A697821224AF0FA00B7F780 /* Frameworks */,
				4A697822224AF0FA00B7F780 /* Resources */,
				FFB3038684393C84EFBDEB91 /* [CP] Embed Pods Frameworks */,
			);
			buildRules = (
			);
			dependencies = (
			);
			name = "Chuck Norris Facts";
			productName = "Chuck Norris Facts";
			productReference = 4A697824224AF0FA00B7F780 /* Chuck Norris Facts.app */;
			productType = "com.apple.product-type.application";
		};
		4A697837224AF10800B7F780 /* Chuck Norris FactsTests */ = {
			isa = PBXNativeTarget;
			buildConfigurationList = 4A69784F224AF10800B7F780 /* Build configuration list for PBXNativeTarget "Chuck Norris FactsTests" */;
			buildPhases = (
				ACD9CF2962461113EC5E5554 /* [CP] Check Pods Manifest.lock */,
				4A697834224AF10800B7F780 /* Sources */,
				4A697835224AF10800B7F780 /* Frameworks */,
				4A697836224AF10800B7F780 /* Resources */,
			);
			buildRules = (
			);
			dependencies = (
				4A69783A224AF10800B7F780 /* PBXTargetDependency */,
			);
			name = "Chuck Norris FactsTests";
			productName = "Chuck Norris FactsTests";
			productReference = 4A697838224AF10800B7F780 /* Chuck Norris FactsTests.xctest */;
			productType = "com.apple.product-type.bundle.unit-test";
		};
/* End PBXNativeTarget section */

/* Begin PBXProject section */
		4A69781C224AF0FA00B7F780 /* Project object */ = {
			isa = PBXProject;
			attributes = {
				LastSwiftUpdateCheck = 1020;
				LastUpgradeCheck = 1020;
				ORGANIZATIONNAME = "Vitor Costa";
				TargetAttributes = {
					4A697823224AF0FA00B7F780 = {
						CreatedOnToolsVersion = 10.2;
					};
					4A697837224AF10800B7F780 = {
						CreatedOnToolsVersion = 10.2;
						TestTargetID = 4A697823224AF0FA00B7F780;
					};
				};
			};
			buildConfigurationList = 4A69781F224AF0FA00B7F780 /* Build configuration list for PBXProject "Chuck Norris Facts" */;
			compatibilityVersion = "Xcode 9.3";
			developmentRegion = en;
			hasScannedForEncodings = 0;
			knownRegions = (
				en,
				Base,
			);
			mainGroup = 4A69781B224AF0FA00B7F780;
			productRefGroup = 4A697825224AF0FA00B7F780 /* Products */;
			projectDirPath = "";
			projectRoot = "";
			targets = (
				4A697823224AF0FA00B7F780 /* Chuck Norris Facts */,
				4A697837224AF10800B7F780 /* Chuck Norris FactsTests */,
			);
		};
/* End PBXProject section */

/* Begin PBXResourcesBuildPhase section */
		4A697822224AF0FA00B7F780 /* Resources */ = {
			isa = PBXResourcesBuildPhase;
			buildActionMask = 2147483647;
			files = (
				4A697832224AF10800B7F780 /* LaunchScreen.storyboard in Resources */,
				4A69782F224AF10800B7F780 /* Assets.xcassets in Resources */,
				4A69782D224AF0FA00B7F780 /* Main.storyboard in Resources */,
			);
			runOnlyForDeploymentPostprocessing = 0;
		};
		4A697836224AF10800B7F780 /* Resources */ = {
			isa = PBXResourcesBuildPhase;
			buildActionMask = 2147483647;
			files = (
			);
			runOnlyForDeploymentPostprocessing = 0;
		};
/* End PBXResourcesBuildPhase section */

/* Begin PBXShellScriptBuildPhase section */
		ACD9CF2962461113EC5E5554 /* [CP] Check Pods Manifest.lock */ = {
			isa = PBXShellScriptBuildPhase;
			buildActionMask = 2147483647;
			files = (
			);
			inputFileListPaths = (
			);
			inputPaths = (
				"${PODS_PODFILE_DIR_PATH}/Podfile.lock",
				"${PODS_ROOT}/Manifest.lock",
			);
			name = "[CP] Check Pods Manifest.lock";
			outputFileListPaths = (
			);
			outputPaths = (
				"$(DERIVED_FILE_DIR)/Pods-Chuck Norris FactsTests-checkManifestLockResult.txt",
			);
			runOnlyForDeploymentPostprocessing = 0;
			shellPath = /bin/sh;
			shellScript = "diff \"${PODS_PODFILE_DIR_PATH}/Podfile.lock\" \"${PODS_ROOT}/Manifest.lock\" > /dev/null\nif [ $? != 0 ] ; then\n    # print error to STDERR\n    echo \"error: The sandbox is not in sync with the Podfile.lock. Run 'pod install' or update your CocoaPods installation.\" >&2\n    exit 1\nfi\n# This output is used by Xcode 'outputs' to avoid re-running this script phase.\necho \"SUCCESS\" > \"${SCRIPT_OUTPUT_FILE_0}\"\n";
			showEnvVarsInLog = 0;
		};
		BCC9869505253AC49789D824 /* [CP] Check Pods Manifest.lock */ = {
			isa = PBXShellScriptBuildPhase;
			buildActionMask = 2147483647;
			files = (
			);
			inputFileListPaths = (
			);
			inputPaths = (
				"${PODS_PODFILE_DIR_PATH}/Podfile.lock",
				"${PODS_ROOT}/Manifest.lock",
			);
			name = "[CP] Check Pods Manifest.lock";
			outputFileListPaths = (
			);
			outputPaths = (
				"$(DERIVED_FILE_DIR)/Pods-Chuck Norris Facts-checkManifestLockResult.txt",
			);
			runOnlyForDeploymentPostprocessing = 0;
			shellPath = /bin/sh;
			shellScript = "diff \"${PODS_PODFILE_DIR_PATH}/Podfile.lock\" \"${PODS_ROOT}/Manifest.lock\" > /dev/null\nif [ $? != 0 ] ; then\n    # print error to STDERR\n    echo \"error: The sandbox is not in sync with the Podfile.lock. Run 'pod install' or update your CocoaPods installation.\" >&2\n    exit 1\nfi\n# This output is used by Xcode 'outputs' to avoid re-running this script phase.\necho \"SUCCESS\" > \"${SCRIPT_OUTPUT_FILE_0}\"\n";
			showEnvVarsInLog = 0;
		};
		FFB3038684393C84EFBDEB91 /* [CP] Embed Pods Frameworks */ = {
			isa = PBXShellScriptBuildPhase;
			buildActionMask = 2147483647;
			files = (
			);
			inputFileListPaths = (
				"${PODS_ROOT}/Target Support Files/Pods-Chuck Norris Facts/Pods-Chuck Norris Facts-frameworks-${CONFIGURATION}-input-files.xcfilelist",
			);
			name = "[CP] Embed Pods Frameworks";
			outputFileListPaths = (
				"${PODS_ROOT}/Target Support Files/Pods-Chuck Norris Facts/Pods-Chuck Norris Facts-frameworks-${CONFIGURATION}-output-files.xcfilelist",
			);
			runOnlyForDeploymentPostprocessing = 0;
			shellPath = /bin/sh;
			shellScript = "\"${PODS_ROOT}/Target Support Files/Pods-Chuck Norris Facts/Pods-Chuck Norris Facts-frameworks.sh\"\n";
			showEnvVarsInLog = 0;
		};
/* End PBXShellScriptBuildPhase section */

/* Begin PBXSourcesBuildPhase section */
		4A697820224AF0FA00B7F780 /* Sources */ = {
			isa = PBXSourcesBuildPhase;
			buildActionMask = 2147483647;
			files = (
				4AAE0084224F0DA2003FC105 /* SuggestionsCollectionViewCell.swift in Sources */,
				4AAE0080224F09EB003FC105 /* SearchViewController.swift in Sources */,
				4A106D48224FE9BE00CAE13E /* NetworkHelper.swift in Sources */,
				4AAE0078224EFA01003FC105 /* FactsTableViewCell.swift in Sources */,
				4AAE0082224F0A66003FC105 /* UIViewController+Additions.swift in Sources */,
				4A106D44224FE5D100CAE13E /* Fact.swift in Sources */,
				4A106D4E2250128000CAE13E /* History.swift in Sources */,
				4EA1F82F238634FE00300FAC /* CategoryViewModel.swift in Sources */,
				4A69782A224AF0FA00B7F780 /* HomeViewController.swift in Sources */,
				4EFB82B923877F8900B7AB90 /* Category.swift in Sources */,
				4EA1F82D23861B3700300FAC /* FactViewModel.swift in Sources */,
				4A697828224AF0FA00B7F780 /* AppDelegate.swift in Sources */,
				4AAE007E224F0538003FC105 /* EdgeInsetLabel.swift in Sources */,
				4A106D502250134F00CAE13E /* DatabaseHelper.swift in Sources */,
				4EA1F8312386398600300FAC /* HistoryViewModel.swift in Sources */,
			);
			runOnlyForDeploymentPostprocessing = 0;
		};
		4A697834224AF10800B7F780 /* Sources */ = {
			isa = PBXSourcesBuildPhase;
			buildActionMask = 2147483647;
			files = (
				4EFB82B323877DAE00B7AB90 /* Fact.swift in Sources */,
				4EFB82B623877DAE00B7AB90 /* NetworkHelper.swift in Sources */,
				4EFB82A7238774AB00B7AB90 /* NetworkHelperUnitTests.swift in Sources */,
			);
			runOnlyForDeploymentPostprocessing = 0;
		};
/* End PBXSourcesBuildPhase section */

/* Begin PBXTargetDependency section */
		4A69783A224AF10800B7F780 /* PBXTargetDependency */ = {
			isa = PBXTargetDependency;
			target = 4A697823224AF0FA00B7F780 /* Chuck Norris Facts */;
			targetProxy = 4A697839224AF10800B7F780 /* PBXContainerItemProxy */;
		};
/* End PBXTargetDependency section */

/* Begin PBXVariantGroup section */
		4A69782B224AF0FA00B7F780 /* Main.storyboard */ = {
			isa = PBXVariantGroup;
			children = (
				4A69782C224AF0FA00B7F780 /* Base */,
			);
			name = Main.storyboard;
			sourceTree = "<group>";
		};
		4A697830224AF10800B7F780 /* LaunchScreen.storyboard */ = {
			isa = PBXVariantGroup;
			children = (
				4A697831224AF10800B7F780 /* Base */,
			);
			name = LaunchScreen.storyboard;
			sourceTree = "<group>";
		};
/* End PBXVariantGroup section */

/* Begin XCBuildConfiguration section */
		4A69784A224AF10800B7F780 /* Debug */ = {
			isa = XCBuildConfiguration;
			buildSettings = {
				ALWAYS_SEARCH_USER_PATHS = NO;
				CLANG_ANALYZER_NONNULL = YES;
				CLANG_ANALYZER_NUMBER_OBJECT_CONVERSION = YES_AGGRESSIVE;
				CLANG_CXX_LANGUAGE_STANDARD = "gnu++14";
				CLANG_CXX_LIBRARY = "libc++";
				CLANG_ENABLE_MODULES = YES;
				CLANG_ENABLE_OBJC_ARC = YES;
				CLANG_ENABLE_OBJC_WEAK = YES;
				CLANG_WARN_BLOCK_CAPTURE_AUTORELEASING = YES;
				CLANG_WARN_BOOL_CONVERSION = YES;
				CLANG_WARN_COMMA = YES;
				CLANG_WARN_CONSTANT_CONVERSION = YES;
				CLANG_WARN_DEPRECATED_OBJC_IMPLEMENTATIONS = YES;
				CLANG_WARN_DIRECT_OBJC_ISA_USAGE = YES_ERROR;
				CLANG_WARN_DOCUMENTATION_COMMENTS = YES;
				CLANG_WARN_EMPTY_BODY = YES;
				CLANG_WARN_ENUM_CONVERSION = YES;
				CLANG_WARN_INFINITE_RECURSION = YES;
				CLANG_WARN_INT_CONVERSION = YES;
				CLANG_WARN_NON_LITERAL_NULL_CONVERSION = YES;
				CLANG_WARN_OBJC_IMPLICIT_RETAIN_SELF = YES;
				CLANG_WARN_OBJC_LITERAL_CONVERSION = YES;
				CLANG_WARN_OBJC_ROOT_CLASS = YES_ERROR;
				CLANG_WARN_RANGE_LOOP_ANALYSIS = YES;
				CLANG_WARN_STRICT_PROTOTYPES = YES;
				CLANG_WARN_SUSPICIOUS_MOVE = YES;
				CLANG_WARN_UNGUARDED_AVAILABILITY = YES_AGGRESSIVE;
				CLANG_WARN_UNREACHABLE_CODE = YES;
				CLANG_WARN__DUPLICATE_METHOD_MATCH = YES;
				CODE_SIGN_IDENTITY = "iPhone Developer";
				COPY_PHASE_STRIP = NO;
				DEBUG_INFORMATION_FORMAT = dwarf;
				ENABLE_STRICT_OBJC_MSGSEND = YES;
				ENABLE_TESTABILITY = YES;
				GCC_C_LANGUAGE_STANDARD = gnu11;
				GCC_DYNAMIC_NO_PIC = NO;
				GCC_NO_COMMON_BLOCKS = YES;
				GCC_OPTIMIZATION_LEVEL = 0;
				GCC_PREPROCESSOR_DEFINITIONS = (
					"DEBUG=1",
					"$(inherited)",
				);
				GCC_WARN_64_TO_32_BIT_CONVERSION = YES;
				GCC_WARN_ABOUT_RETURN_TYPE = YES_ERROR;
				GCC_WARN_UNDECLARED_SELECTOR = YES;
				GCC_WARN_UNINITIALIZED_AUTOS = YES_AGGRESSIVE;
				GCC_WARN_UNUSED_FUNCTION = YES;
				GCC_WARN_UNUSED_VARIABLE = YES;
				IPHONEOS_DEPLOYMENT_TARGET = 12.2;
				MTL_ENABLE_DEBUG_INFO = INCLUDE_SOURCE;
				MTL_FAST_MATH = YES;
				ONLY_ACTIVE_ARCH = YES;
				SDKROOT = iphoneos;
				SWIFT_ACTIVE_COMPILATION_CONDITIONS = DEBUG;
				SWIFT_OPTIMIZATION_LEVEL = "-Onone";
			};
			name = Debug;
		};
		4A69784B224AF10800B7F780 /* Release */ = {
			isa = XCBuildConfiguration;
			buildSettings = {
				ALWAYS_SEARCH_USER_PATHS = NO;
				CLANG_ANALYZER_NONNULL = YES;
				CLANG_ANALYZER_NUMBER_OBJECT_CONVERSION = YES_AGGRESSIVE;
				CLANG_CXX_LANGUAGE_STANDARD = "gnu++14";
				CLANG_CXX_LIBRARY = "libc++";
				CLANG_ENABLE_MODULES = YES;
				CLANG_ENABLE_OBJC_ARC = YES;
				CLANG_ENABLE_OBJC_WEAK = YES;
				CLANG_WARN_BLOCK_CAPTURE_AUTORELEASING = YES;
				CLANG_WARN_BOOL_CONVERSION = YES;
				CLANG_WARN_COMMA = YES;
				CLANG_WARN_CONSTANT_CONVERSION = YES;
				CLANG_WARN_DEPRECATED_OBJC_IMPLEMENTATIONS = YES;
				CLANG_WARN_DIRECT_OBJC_ISA_USAGE = YES_ERROR;
				CLANG_WARN_DOCUMENTATION_COMMENTS = YES;
				CLANG_WARN_EMPTY_BODY = YES;
				CLANG_WARN_ENUM_CONVERSION = YES;
				CLANG_WARN_INFINITE_RECURSION = YES;
				CLANG_WARN_INT_CONVERSION = YES;
				CLANG_WARN_NON_LITERAL_NULL_CONVERSION = YES;
				CLANG_WARN_OBJC_IMPLICIT_RETAIN_SELF = YES;
				CLANG_WARN_OBJC_LITERAL_CONVERSION = YES;
				CLANG_WARN_OBJC_ROOT_CLASS = YES_ERROR;
				CLANG_WARN_RANGE_LOOP_ANALYSIS = YES;
				CLANG_WARN_STRICT_PROTOTYPES = YES;
				CLANG_WARN_SUSPICIOUS_MOVE = YES;
				CLANG_WARN_UNGUARDED_AVAILABILITY = YES_AGGRESSIVE;
				CLANG_WARN_UNREACHABLE_CODE = YES;
				CLANG_WARN__DUPLICATE_METHOD_MATCH = YES;
				CODE_SIGN_IDENTITY = "iPhone Developer";
				COPY_PHASE_STRIP = NO;
				DEBUG_INFORMATION_FORMAT = "dwarf-with-dsym";
				ENABLE_NS_ASSERTIONS = NO;
				ENABLE_STRICT_OBJC_MSGSEND = YES;
				GCC_C_LANGUAGE_STANDARD = gnu11;
				GCC_NO_COMMON_BLOCKS = YES;
				GCC_WARN_64_TO_32_BIT_CONVERSION = YES;
				GCC_WARN_ABOUT_RETURN_TYPE = YES_ERROR;
				GCC_WARN_UNDECLARED_SELECTOR = YES;
				GCC_WARN_UNINITIALIZED_AUTOS = YES_AGGRESSIVE;
				GCC_WARN_UNUSED_FUNCTION = YES;
				GCC_WARN_UNUSED_VARIABLE = YES;
				IPHONEOS_DEPLOYMENT_TARGET = 12.2;
				MTL_ENABLE_DEBUG_INFO = NO;
				MTL_FAST_MATH = YES;
				SDKROOT = iphoneos;
				SWIFT_COMPILATION_MODE = wholemodule;
				SWIFT_OPTIMIZATION_LEVEL = "-O";
				VALIDATE_PRODUCT = YES;
			};
			name = Release;
		};
		4A69784D224AF10800B7F780 /* Debug */ = {
			isa = XCBuildConfiguration;
			baseConfigurationReference = 39FB8CC362A55463880A7191 /* Pods-Chuck Norris Facts.debug.xcconfig */;
			buildSettings = {
				ASSETCATALOG_COMPILER_APPICON_NAME = AppIcon;
				CODE_SIGN_STYLE = Automatic;
				DEVELOPMENT_TEAM = 87JB6QS95U;
				INFOPLIST_FILE = "Chuck Norris Facts/Info.plist";
				LD_RUNPATH_SEARCH_PATHS = (
					"$(inherited)",
					"@executable_path/Frameworks",
				);
				PRODUCT_BUNDLE_IDENTIFIER = "cc.vitorcosta.Chuck-Norris-Facts";
				PRODUCT_NAME = "$(TARGET_NAME)";
				SWIFT_VERSION = 5.0;
				TARGETED_DEVICE_FAMILY = 1;
			};
			name = Debug;
		};
		4A69784E224AF10800B7F780 /* Release */ = {
			isa = XCBuildConfiguration;
			baseConfigurationReference = 4AD0C7D34018F05871064080 /* Pods-Chuck Norris Facts.release.xcconfig */;
			buildSettings = {
				ASSETCATALOG_COMPILER_APPICON_NAME = AppIcon;
				CODE_SIGN_STYLE = Automatic;
				DEVELOPMENT_TEAM = 87JB6QS95U;
				INFOPLIST_FILE = "Chuck Norris Facts/Info.plist";
				LD_RUNPATH_SEARCH_PATHS = (
					"$(inherited)",
					"@executable_path/Frameworks",
				);
				PRODUCT_BUNDLE_IDENTIFIER = "cc.vitorcosta.Chuck-Norris-Facts";
				PRODUCT_NAME = "$(TARGET_NAME)";
				SWIFT_VERSION = 5.0;
				TARGETED_DEVICE_FAMILY = 1;
			};
			name = Release;
		};
		4A697850224AF10800B7F780 /* Debug */ = {
			isa = XCBuildConfiguration;
			baseConfigurationReference = D2B3C5CFC0433AF4080CE578 /* Pods-Chuck Norris FactsTests.debug.xcconfig */;
			buildSettings = {
				ALWAYS_EMBED_SWIFT_STANDARD_LIBRARIES = "$(inherited)";
				BUNDLE_LOADER = "$(TEST_HOST)";
				CODE_SIGN_STYLE = Automatic;
				DEVELOPMENT_TEAM = 87JB6QS95U;
				INFOPLIST_FILE = "Chuck Norris FactsTests/Info.plist";
				LD_RUNPATH_SEARCH_PATHS = (
					"$(inherited)",
					"@executable_path/Frameworks",
					"@loader_path/Frameworks",
				);
				PRODUCT_BUNDLE_IDENTIFIER = "cc.vitorcosta.Chuck-Norris-FactsTests";
				PRODUCT_NAME = "$(TARGET_NAME)";
				SWIFT_VERSION = 5.0;
				TARGETED_DEVICE_FAMILY = "1,2";
				TEST_HOST = "$(BUILT_PRODUCTS_DIR)/Chuck Norris Facts.app/Chuck Norris Facts";
			};
			name = Debug;
		};
		4A697851224AF10800B7F780 /* Release */ = {
			isa = XCBuildConfiguration;
			baseConfigurationReference = 7A22881D128A5E5973333DDE /* Pods-Chuck Norris FactsTests.release.xcconfig */;
			buildSettings = {
				ALWAYS_EMBED_SWIFT_STANDARD_LIBRARIES = "$(inherited)";
				BUNDLE_LOADER = "$(TEST_HOST)";
				CODE_SIGN_STYLE = Automatic;
				DEVELOPMENT_TEAM = 87JB6QS95U;
				INFOPLIST_FILE = "Chuck Norris FactsTests/Info.plist";
				LD_RUNPATH_SEARCH_PATHS = (
					"$(inherited)",
					"@executable_path/Frameworks",
					"@loader_path/Frameworks",
				);
				PRODUCT_BUNDLE_IDENTIFIER = "cc.vitorcosta.Chuck-Norris-FactsTests";
				PRODUCT_NAME = "$(TARGET_NAME)";
				SWIFT_VERSION = 5.0;
				TARGETED_DEVICE_FAMILY = "1,2";
				TEST_HOST = "$(BUILT_PRODUCTS_DIR)/Chuck Norris Facts.app/Chuck Norris Facts";
			};
			name = Release;
		};
/* End XCBuildConfiguration section */

/* Begin XCConfigurationList section */
		4A69781F224AF0FA00B7F780 /* Build configuration list for PBXProject "Chuck Norris Facts" */ = {
			isa = XCConfigurationList;
			buildConfigurations = (
				4A69784A224AF10800B7F780 /* Debug */,
				4A69784B224AF10800B7F780 /* Release */,
			);
			defaultConfigurationIsVisible = 0;
			defaultConfigurationName = Release;
		};
		4A69784C224AF10800B7F780 /* Build configuration list for PBXNativeTarget "Chuck Norris Facts" */ = {
			isa = XCConfigurationList;
			buildConfigurations = (
				4A69784D224AF10800B7F780 /* Debug */,
				4A69784E224AF10800B7F780 /* Release */,
			);
			defaultConfigurationIsVisible = 0;
			defaultConfigurationName = Release;
		};
		4A69784F224AF10800B7F780 /* Build configuration list for PBXNativeTarget "Chuck Norris FactsTests" */ = {
			isa = XCConfigurationList;
			buildConfigurations = (
				4A697850224AF10800B7F780 /* Debug */,
				4A697851224AF10800B7F780 /* Release */,
			);
			defaultConfigurationIsVisible = 0;
			defaultConfigurationName = Release;
		};
/* End XCConfigurationList section */
	};
	rootObject = 4A69781C224AF0FA00B7F780 /* Project object */;
}
